// !$*UTF8*$!
{
	archiveVersion = 1;
	classes = {
	};
	objectVersion = 51;
	objects = {

/* Begin PBXBuildFile section */
		681094D0247D285B00472AAA /* ListsView.swift in Sources */ = {isa = PBXBuildFile; fileRef = 681094CF247D285B00472AAA /* ListsView.swift */; };
		681094D2247D2C4500472AAA /* ListRowModel.swift in Sources */ = {isa = PBXBuildFile; fileRef = 681094D1247D2C4500472AAA /* ListRowModel.swift */; };
		681094D4247D46AF00472AAA /* ListModel.swift in Sources */ = {isa = PBXBuildFile; fileRef = 681094D3247D46AF00472AAA /* ListModel.swift */; };
		681094D7247D4B9000472AAA /* ListRowViewModel.swift in Sources */ = {isa = PBXBuildFile; fileRef = 681094D6247D4B9000472AAA /* ListRowViewModel.swift */; };
		681094DA247D616700472AAA /* TaskMenuView.swift in Sources */ = {isa = PBXBuildFile; fileRef = 681094D9247D616700472AAA /* TaskMenuView.swift */; };
		681094DC247D70B000472AAA /* IconImageView.swift in Sources */ = {isa = PBXBuildFile; fileRef = 681094DB247D70B000472AAA /* IconImageView.swift */; };
		681094DE247ECAF700472AAA /* NavigationConfigurator.swift in Sources */ = {isa = PBXBuildFile; fileRef = 681094DD247ECAF700472AAA /* NavigationConfigurator.swift */; };
		681094E0247EDFD400472AAA /* TaskView.swift in Sources */ = {isa = PBXBuildFile; fileRef = 681094DF247EDFD400472AAA /* TaskView.swift */; };
		681094E3247F05F600472AAA /* NavigationTitleViewModel.swift in Sources */ = {isa = PBXBuildFile; fileRef = 681094E2247F05F600472AAA /* NavigationTitleViewModel.swift */; };
		681094E524821CA100472AAA /* ListViewModel.swift in Sources */ = {isa = PBXBuildFile; fileRef = 681094E424821CA100472AAA /* ListViewModel.swift */; };
		681094E72482297400472AAA /* ListsViewModel.swift in Sources */ = {isa = PBXBuildFile; fileRef = 681094E62482297400472AAA /* ListsViewModel.swift */; };
		681094EC2482344F00472AAA /* ListDetailView.swift in Sources */ = {isa = PBXBuildFile; fileRef = 681094EB2482344F00472AAA /* ListDetailView.swift */; };
		681094EE2482486600472AAA /* ListRowView.swift in Sources */ = {isa = PBXBuildFile; fileRef = 681094ED2482486600472AAA /* ListRowView.swift */; };
		686FB30B24837173003A531C /* TaskListView.swift in Sources */ = {isa = PBXBuildFile; fileRef = 686FB30A24837173003A531C /* TaskListView.swift */; };
		68EB9864247D1DC100B435A7 /* AppDelegate.swift in Sources */ = {isa = PBXBuildFile; fileRef = 68EB9863247D1DC100B435A7 /* AppDelegate.swift */; };
		68EB9866247D1DC100B435A7 /* SceneDelegate.swift in Sources */ = {isa = PBXBuildFile; fileRef = 68EB9865247D1DC100B435A7 /* SceneDelegate.swift */; };
		68EB9868247D1DC100B435A7 /* MainView.swift in Sources */ = {isa = PBXBuildFile; fileRef = 68EB9867247D1DC100B435A7 /* MainView.swift */; };
		68EB986A247D1DC300B435A7 /* Assets.xcassets in Resources */ = {isa = PBXBuildFile; fileRef = 68EB9869247D1DC300B435A7 /* Assets.xcassets */; };
		68EB986D247D1DC300B435A7 /* Preview Assets.xcassets in Resources */ = {isa = PBXBuildFile; fileRef = 68EB986C247D1DC300B435A7 /* Preview Assets.xcassets */; };
		68EB9870247D1DC300B435A7 /* LaunchScreen.storyboard in Resources */ = {isa = PBXBuildFile; fileRef = 68EB986E247D1DC300B435A7 /* LaunchScreen.storyboard */; };
		FC7AF485965BA9B765B569B2 /* Pods_Buman.framework in Frameworks */ = {isa = PBXBuildFile; fileRef = FC29BE2DE485AC1F585B4E50 /* Pods_Buman.framework */; };
/* End PBXBuildFile section */

/* Begin PBXFileReference section */
		289CD129AF3030B0E3A202F3 /* Pods-Buman.release.xcconfig */ = {isa = PBXFileReference; includeInIndex = 1; lastKnownFileType = text.xcconfig; name = "Pods-Buman.release.xcconfig"; path = "Target Support Files/Pods-Buman/Pods-Buman.release.xcconfig"; sourceTree = "<group>"; };
		681094CF247D285B00472AAA /* ListsView.swift */ = {isa = PBXFileReference; lastKnownFileType = sourcecode.swift; path = ListsView.swift; sourceTree = "<group>"; };
		681094D1247D2C4500472AAA /* ListRowModel.swift */ = {isa = PBXFileReference; fileEncoding = 4; lastKnownFileType = sourcecode.swift; path = ListRowModel.swift; sourceTree = "<group>"; };
		681094D3247D46AF00472AAA /* ListModel.swift */ = {isa = PBXFileReference; lastKnownFileType = sourcecode.swift; path = ListModel.swift; sourceTree = "<group>"; };
		681094D6247D4B9000472AAA /* ListRowViewModel.swift */ = {isa = PBXFileReference; lastKnownFileType = sourcecode.swift; path = ListRowViewModel.swift; sourceTree = "<group>"; };
		681094D9247D616700472AAA /* TaskMenuView.swift */ = {isa = PBXFileReference; lastKnownFileType = sourcecode.swift; path = TaskMenuView.swift; sourceTree = "<group>"; };
		681094DB247D70B000472AAA /* IconImageView.swift */ = {isa = PBXFileReference; lastKnownFileType = sourcecode.swift; path = IconImageView.swift; sourceTree = "<group>"; };
		681094DD247ECAF700472AAA /* NavigationConfigurator.swift */ = {isa = PBXFileReference; lastKnownFileType = sourcecode.swift; path = NavigationConfigurator.swift; sourceTree = "<group>"; };
		681094DF247EDFD400472AAA /* TaskView.swift */ = {isa = PBXFileReference; lastKnownFileType = sourcecode.swift; path = TaskView.swift; sourceTree = "<group>"; };
		681094E2247F05F600472AAA /* NavigationTitleViewModel.swift */ = {isa = PBXFileReference; lastKnownFileType = sourcecode.swift; path = NavigationTitleViewModel.swift; sourceTree = "<group>"; };
		681094E424821CA100472AAA /* ListViewModel.swift */ = {isa = PBXFileReference; lastKnownFileType = sourcecode.swift; path = ListViewModel.swift; sourceTree = "<group>"; };
		681094E62482297400472AAA /* ListsViewModel.swift */ = {isa = PBXFileReference; lastKnownFileType = sourcecode.swift; path = ListsViewModel.swift; sourceTree = "<group>"; };
		681094EB2482344F00472AAA /* ListDetailView.swift */ = {isa = PBXFileReference; lastKnownFileType = sourcecode.swift; path = ListDetailView.swift; sourceTree = "<group>"; };
		681094ED2482486600472AAA /* ListRowView.swift */ = {isa = PBXFileReference; lastKnownFileType = sourcecode.swift; path = ListRowView.swift; sourceTree = "<group>"; };
		686FB30A24837173003A531C /* TaskListView.swift */ = {isa = PBXFileReference; lastKnownFileType = sourcecode.swift; path = TaskListView.swift; sourceTree = "<group>"; };
		68EB9860247D1DC100B435A7 /* Buman.app */ = {isa = PBXFileReference; explicitFileType = wrapper.application; includeInIndex = 0; path = Buman.app; sourceTree = BUILT_PRODUCTS_DIR; };
		68EB9863247D1DC100B435A7 /* AppDelegate.swift */ = {isa = PBXFileReference; lastKnownFileType = sourcecode.swift; path = AppDelegate.swift; sourceTree = "<group>"; };
		68EB9865247D1DC100B435A7 /* SceneDelegate.swift */ = {isa = PBXFileReference; lastKnownFileType = sourcecode.swift; path = SceneDelegate.swift; sourceTree = "<group>"; };
		68EB9867247D1DC100B435A7 /* MainView.swift */ = {isa = PBXFileReference; lastKnownFileType = sourcecode.swift; path = MainView.swift; sourceTree = "<group>"; };
		68EB9869247D1DC300B435A7 /* Assets.xcassets */ = {isa = PBXFileReference; lastKnownFileType = folder.assetcatalog; path = Assets.xcassets; sourceTree = "<group>"; };
		68EB986C247D1DC300B435A7 /* Preview Assets.xcassets */ = {isa = PBXFileReference; lastKnownFileType = folder.assetcatalog; path = "Preview Assets.xcassets"; sourceTree = "<group>"; };
		68EB986F247D1DC300B435A7 /* Base */ = {isa = PBXFileReference; lastKnownFileType = file.storyboard; name = Base; path = Base.lproj/LaunchScreen.storyboard; sourceTree = "<group>"; };
		68EB9871247D1DC300B435A7 /* Info.plist */ = {isa = PBXFileReference; lastKnownFileType = text.plist.xml; path = Info.plist; sourceTree = "<group>"; };
		FC29BE2DE485AC1F585B4E50 /* Pods_Buman.framework */ = {isa = PBXFileReference; explicitFileType = wrapper.framework; includeInIndex = 0; path = Pods_Buman.framework; sourceTree = BUILT_PRODUCTS_DIR; };
		FDBA913EFC42020FE7C71FFA /* Pods-Buman.debug.xcconfig */ = {isa = PBXFileReference; includeInIndex = 1; lastKnownFileType = text.xcconfig; name = "Pods-Buman.debug.xcconfig"; path = "Target Support Files/Pods-Buman/Pods-Buman.debug.xcconfig"; sourceTree = "<group>"; };
/* End PBXFileReference section */

/* Begin PBXFrameworksBuildPhase section */
		68EB985D247D1DC100B435A7 /* Frameworks */ = {
			isa = PBXFrameworksBuildPhase;
			buildActionMask = 2147483647;
			files = (
				FC7AF485965BA9B765B569B2 /* Pods_Buman.framework in Frameworks */,
			);
			runOnlyForDeploymentPostprocessing = 0;
		};
/* End PBXFrameworksBuildPhase section */

/* Begin PBXGroup section */
		681094D5247D4A4D00472AAA /* Model */ = {
			isa = PBXGroup;
			children = (
				681094D3247D46AF00472AAA /* ListModel.swift */,
				681094D1247D2C4500472AAA /* ListRowModel.swift */,
			);
			path = Model;
			sourceTree = "<group>";
		};
		681094D8247D4BA900472AAA /* ViewModel */ = {
			isa = PBXGroup;
			children = (
				681094E2247F05F600472AAA /* NavigationTitleViewModel.swift */,
				681094E62482297400472AAA /* ListsViewModel.swift */,
				681094E424821CA100472AAA /* ListViewModel.swift */,
				681094D6247D4B9000472AAA /* ListRowViewModel.swift */,
			);
			path = ViewModel;
			sourceTree = "<group>";
		};
		681094E1247EEF0700472AAA /* Task */ = {
			isa = PBXGroup;
			children = (
				681094DF247EDFD400472AAA /* TaskView.swift */,
				681094D9247D616700472AAA /* TaskMenuView.swift */,
				686FB30A24837173003A531C /* TaskListView.swift */,
			);
			path = Task;
			sourceTree = "<group>";
		};
		681094EA2482302D00472AAA /* List */ = {
			isa = PBXGroup;
			children = (
				681094CF247D285B00472AAA /* ListsView.swift */,
				681094EB2482344F00472AAA /* ListDetailView.swift */,
				681094ED2482486600472AAA /* ListRowView.swift */,
			);
			path = List;
			sourceTree = "<group>";
		};
		68EB9857247D1DC100B435A7 = {
			isa = PBXGroup;
			children = (
				68EB9862247D1DC100B435A7 /* Buman */,
				68EB9861247D1DC100B435A7 /* Products */,
				AFFE89592CD5E89B9C121DAA /* Pods */,
				B975DA72A2418071AE3968D3 /* Frameworks */,
			);
			sourceTree = "<group>";
		};
		68EB9861247D1DC100B435A7 /* Products */ = {
			isa = PBXGroup;
			children = (
				68EB9860247D1DC100B435A7 /* Buman.app */,
			);
			name = Products;
			sourceTree = "<group>";
		};
		68EB9862247D1DC100B435A7 /* Buman */ = {
			isa = PBXGroup;
			children = (
				68EB9863247D1DC100B435A7 /* AppDelegate.swift */,
				68EB9865247D1DC100B435A7 /* SceneDelegate.swift */,
				681094DD247ECAF700472AAA /* NavigationConfigurator.swift */,
				681094D5247D4A4D00472AAA /* Model */,
				681094D8247D4BA900472AAA /* ViewModel */,
				68EB9877247D1DDC00B435A7 /* View */,
				68EB9869247D1DC300B435A7 /* Assets.xcassets */,
				68EB986E247D1DC300B435A7 /* LaunchScreen.storyboard */,
				68EB9871247D1DC300B435A7 /* Info.plist */,
				68EB986B247D1DC300B435A7 /* Preview Content */,
			);
			path = Buman;
			sourceTree = "<group>";
		};
		68EB986B247D1DC300B435A7 /* Preview Content */ = {
			isa = PBXGroup;
			children = (
				68EB986C247D1DC300B435A7 /* Preview Assets.xcassets */,
			);
			path = "Preview Content";
			sourceTree = "<group>";
		};
		68EB9877247D1DDC00B435A7 /* View */ = {
			isa = PBXGroup;
			children = (
				68EB9867247D1DC100B435A7 /* MainView.swift */,
				681094DB247D70B000472AAA /* IconImageView.swift */,
				681094E1247EEF0700472AAA /* Task */,
				681094EA2482302D00472AAA /* List */,
			);
			path = View;
			sourceTree = "<group>";
		};
		AFFE89592CD5E89B9C121DAA /* Pods */ = {
			isa = PBXGroup;
			children = (
				FDBA913EFC42020FE7C71FFA /* Pods-Buman.debug.xcconfig */,
				289CD129AF3030B0E3A202F3 /* Pods-Buman.release.xcconfig */,
			);
			path = Pods;
			sourceTree = "<group>";
		};
		B975DA72A2418071AE3968D3 /* Frameworks */ = {
			isa = PBXGroup;
			children = (
				FC29BE2DE485AC1F585B4E50 /* Pods_Buman.framework */,
			);
			name = Frameworks;
			sourceTree = "<group>";
		};
/* End PBXGroup section */

/* Begin PBXNativeTarget section */
		68EB985F247D1DC100B435A7 /* Buman */ = {
			isa = PBXNativeTarget;
			buildConfigurationList = 68EB9874247D1DC300B435A7 /* Build configuration list for PBXNativeTarget "Buman" */;
			buildPhases = (
				FE5A9D568B8903DB008C25F9 /* [CP] Check Pods Manifest.lock */,
				68EB985C247D1DC100B435A7 /* Sources */,
				68EB985D247D1DC100B435A7 /* Frameworks */,
				68EB985E247D1DC100B435A7 /* Resources */,
				9EC52D446211175083FFEA91 /* [CP] Embed Pods Frameworks */,
			);
			buildRules = (
			);
			dependencies = (
			);
			name = Buman;
			productName = Buman;
			productReference = 68EB9860247D1DC100B435A7 /* Buman.app */;
			productType = "com.apple.product-type.application";
		};
/* End PBXNativeTarget section */

/* Begin PBXProject section */
		68EB9858247D1DC100B435A7 /* Project object */ = {
			isa = PBXProject;
			attributes = {
				LastSwiftUpdateCheck = 1140;
				LastUpgradeCheck = 1140;
				ORGANIZATIONNAME = "Sergei Volkov";
				TargetAttributes = {
					68EB985F247D1DC100B435A7 = {
						CreatedOnToolsVersion = 11.4.1;
					};
				};
			};
			buildConfigurationList = 68EB985B247D1DC100B435A7 /* Build configuration list for PBXProject "Buman" */;
			compatibilityVersion = "Xcode 9.3";
			developmentRegion = en;
			hasScannedForEncodings = 0;
			knownRegions = (
				en,
				Base,
			);
			mainGroup = 68EB9857247D1DC100B435A7;
			productRefGroup = 68EB9861247D1DC100B435A7 /* Products */;
			projectDirPath = "";
			projectRoot = "";
			targets = (
				68EB985F247D1DC100B435A7 /* Buman */,
			);
		};
/* End PBXProject section */

/* Begin PBXResourcesBuildPhase section */
		68EB985E247D1DC100B435A7 /* Resources */ = {
			isa = PBXResourcesBuildPhase;
			buildActionMask = 2147483647;
			files = (
				68EB9870247D1DC300B435A7 /* LaunchScreen.storyboard in Resources */,
				68EB986D247D1DC300B435A7 /* Preview Assets.xcassets in Resources */,
				68EB986A247D1DC300B435A7 /* Assets.xcassets in Resources */,
			);
			runOnlyForDeploymentPostprocessing = 0;
		};
/* End PBXResourcesBuildPhase section */

/* Begin PBXShellScriptBuildPhase section */
		9EC52D446211175083FFEA91 /* [CP] Embed Pods Frameworks */ = {
			isa = PBXShellScriptBuildPhase;
			buildActionMask = 2147483647;
			files = (
			);
			inputFileListPaths = (
				"${PODS_ROOT}/Target Support Files/Pods-Buman/Pods-Buman-frameworks-${CONFIGURATION}-input-files.xcfilelist",
			);
			name = "[CP] Embed Pods Frameworks";
			outputFileListPaths = (
				"${PODS_ROOT}/Target Support Files/Pods-Buman/Pods-Buman-frameworks-${CONFIGURATION}-output-files.xcfilelist",
			);
			runOnlyForDeploymentPostprocessing = 0;
			shellPath = /bin/sh;
			shellScript = "\"${PODS_ROOT}/Target Support Files/Pods-Buman/Pods-Buman-frameworks.sh\"\n";
			showEnvVarsInLog = 0;
		};
		FE5A9D568B8903DB008C25F9 /* [CP] Check Pods Manifest.lock */ = {
			isa = PBXShellScriptBuildPhase;
			buildActionMask = 2147483647;
			files = (
			);
			inputFileListPaths = (
			);
			inputPaths = (
				"${PODS_PODFILE_DIR_PATH}/Podfile.lock",
				"${PODS_ROOT}/Manifest.lock",
			);
			name = "[CP] Check Pods Manifest.lock";
			outputFileListPaths = (
			);
			outputPaths = (
				"$(DERIVED_FILE_DIR)/Pods-Buman-checkManifestLockResult.txt",
			);
			runOnlyForDeploymentPostprocessing = 0;
			shellPath = /bin/sh;
			shellScript = "diff \"${PODS_PODFILE_DIR_PATH}/Podfile.lock\" \"${PODS_ROOT}/Manifest.lock\" > /dev/null\nif [ $? != 0 ] ; then\n    # print error to STDERR\n    echo \"error: The sandbox is not in sync with the Podfile.lock. Run 'pod install' or update your CocoaPods installation.\" >&2\n    exit 1\nfi\n# This output is used by Xcode 'outputs' to avoid re-running this script phase.\necho \"SUCCESS\" > \"${SCRIPT_OUTPUT_FILE_0}\"\n";
			showEnvVarsInLog = 0;
		};
/* End PBXShellScriptBuildPhase section */

/* Begin PBXSourcesBuildPhase section */
		68EB985C247D1DC100B435A7 /* Sources */ = {
			isa = PBXSourcesBuildPhase;
			buildActionMask = 2147483647;
			files = (
				681094DC247D70B000472AAA /* IconImageView.swift in Sources */,
				681094DA247D616700472AAA /* TaskMenuView.swift in Sources */,
				681094D0247D285B00472AAA /* ListsView.swift in Sources */,
				68EB9864247D1DC100B435A7 /* AppDelegate.swift in Sources */,
				681094D7247D4B9000472AAA /* ListRowViewModel.swift in Sources */,
				68EB9866247D1DC100B435A7 /* SceneDelegate.swift in Sources */,
				681094D4247D46AF00472AAA /* ListModel.swift in Sources */,
				681094E3247F05F600472AAA /* NavigationTitleViewModel.swift in Sources */,
				681094EC2482344F00472AAA /* ListDetailView.swift in Sources */,
				681094E72482297400472AAA /* ListsViewModel.swift in Sources */,
				68EB9868247D1DC100B435A7 /* MainView.swift in Sources */,
				681094EE2482486600472AAA /* ListRowView.swift in Sources */,
				686FB30B24837173003A531C /* TaskListView.swift in Sources */,
				681094E524821CA100472AAA /* ListViewModel.swift in Sources */,
				681094DE247ECAF700472AAA /* NavigationConfigurator.swift in Sources */,
				681094E0247EDFD400472AAA /* TaskView.swift in Sources */,
				681094D2247D2C4500472AAA /* ListRowModel.swift in Sources */,
			);
			runOnlyForDeploymentPostprocessing = 0;
		};
/* End PBXSourcesBuildPhase section */

/* Begin PBXVariantGroup section */
		68EB986E247D1DC300B435A7 /* LaunchScreen.storyboard */ = {
			isa = PBXVariantGroup;
			children = (
				68EB986F247D1DC300B435A7 /* Base */,
			);
			name = LaunchScreen.storyboard;
			sourceTree = "<group>";
		};
/* End PBXVariantGroup section */

/* Begin XCBuildConfiguration section */
		68EB9872247D1DC300B435A7 /* Debug */ = {
			isa = XCBuildConfiguration;
			buildSettings = {
				ALWAYS_SEARCH_USER_PATHS = NO;
				CLANG_ANALYZER_NONNULL = YES;
				CLANG_ANALYZER_NUMBER_OBJECT_CONVERSION = YES_AGGRESSIVE;
				CLANG_CXX_LANGUAGE_STANDARD = "gnu++14";
				CLANG_CXX_LIBRARY = "libc++";
				CLANG_ENABLE_MODULES = YES;
				CLANG_ENABLE_OBJC_ARC = YES;
				CLANG_ENABLE_OBJC_WEAK = YES;
				CLANG_WARN_BLOCK_CAPTURE_AUTORELEASING = YES;
				CLANG_WARN_BOOL_CONVERSION = YES;
				CLANG_WARN_COMMA = YES;
				CLANG_WARN_CONSTANT_CONVERSION = YES;
				CLANG_WARN_DEPRECATED_OBJC_IMPLEMENTATIONS = YES;
				CLANG_WARN_DIRECT_OBJC_ISA_USAGE = YES_ERROR;
				CLANG_WARN_DOCUMENTATION_COMMENTS = YES;
				CLANG_WARN_EMPTY_BODY = YES;
				CLANG_WARN_ENUM_CONVERSION = YES;
				CLANG_WARN_INFINITE_RECURSION = YES;
				CLANG_WARN_INT_CONVERSION = YES;
				CLANG_WARN_NON_LITERAL_NULL_CONVERSION = YES;
				CLANG_WARN_OBJC_IMPLICIT_RETAIN_SELF = YES;
				CLANG_WARN_OBJC_LITERAL_CONVERSION = YES;
				CLANG_WARN_OBJC_ROOT_CLASS = YES_ERROR;
				CLANG_WARN_RANGE_LOOP_ANALYSIS = YES;
				CLANG_WARN_STRICT_PROTOTYPES = YES;
				CLANG_WARN_SUSPICIOUS_MOVE = YES;
				CLANG_WARN_UNGUARDED_AVAILABILITY = YES_AGGRESSIVE;
				CLANG_WARN_UNREACHABLE_CODE = YES;
				CLANG_WARN__DUPLICATE_METHOD_MATCH = YES;
				COPY_PHASE_STRIP = NO;
				DEBUG_INFORMATION_FORMAT = dwarf;
				ENABLE_STRICT_OBJC_MSGSEND = YES;
				ENABLE_TESTABILITY = YES;
				GCC_C_LANGUAGE_STANDARD = gnu11;
				GCC_DYNAMIC_NO_PIC = NO;
				GCC_NO_COMMON_BLOCKS = YES;
				GCC_OPTIMIZATION_LEVEL = 0;
				GCC_PREPROCESSOR_DEFINITIONS = (
					"DEBUG=1",
					"$(inherited)",
				);
				GCC_WARN_64_TO_32_BIT_CONVERSION = YES;
				GCC_WARN_ABOUT_RETURN_TYPE = YES_ERROR;
				GCC_WARN_UNDECLARED_SELECTOR = YES;
				GCC_WARN_UNINITIALIZED_AUTOS = YES_AGGRESSIVE;
				GCC_WARN_UNUSED_FUNCTION = YES;
				GCC_WARN_UNUSED_VARIABLE = YES;
				IPHONEOS_DEPLOYMENT_TARGET = 13.4;
				MTL_ENABLE_DEBUG_INFO = INCLUDE_SOURCE;
				MTL_FAST_MATH = YES;
				ONLY_ACTIVE_ARCH = YES;
				SDKROOT = iphoneos;
				SWIFT_ACTIVE_COMPILATION_CONDITIONS = DEBUG;
				SWIFT_OPTIMIZATION_LEVEL = "-Onone";
			};
			name = Debug;
		};
		68EB9873247D1DC300B435A7 /* Release */ = {
			isa = XCBuildConfiguration;
			buildSettings = {
				ALWAYS_SEARCH_USER_PATHS = NO;
				CLANG_ANALYZER_NONNULL = YES;
				CLANG_ANALYZER_NUMBER_OBJECT_CONVERSION = YES_AGGRESSIVE;
				CLANG_CXX_LANGUAGE_STANDARD = "gnu++14";
				CLANG_CXX_LIBRARY = "libc++";
				CLANG_ENABLE_MODULES = YES;
				CLANG_ENABLE_OBJC_ARC = YES;
				CLANG_ENABLE_OBJC_WEAK = YES;
				CLANG_WARN_BLOCK_CAPTURE_AUTORELEASING = YES;
				CLANG_WARN_BOOL_CONVERSION = YES;
				CLANG_WARN_COMMA = YES;
				CLANG_WARN_CONSTANT_CONVERSION = YES;
				CLANG_WARN_DEPRECATED_OBJC_IMPLEMENTATIONS = YES;
				CLANG_WARN_DIRECT_OBJC_ISA_USAGE = YES_ERROR;
				CLANG_WARN_DOCUMENTATION_COMMENTS = YES;
				CLANG_WARN_EMPTY_BODY = YES;
				CLANG_WARN_ENUM_CONVERSION = YES;
				CLANG_WARN_INFINITE_RECURSION = YES;
				CLANG_WARN_INT_CONVERSION = YES;
				CLANG_WARN_NON_LITERAL_NULL_CONVERSION = YES;
				CLANG_WARN_OBJC_IMPLICIT_RETAIN_SELF = YES;
				CLANG_WARN_OBJC_LITERAL_CONVERSION = YES;
				CLANG_WARN_OBJC_ROOT_CLASS = YES_ERROR;
				CLANG_WARN_RANGE_LOOP_ANALYSIS = YES;
				CLANG_WARN_STRICT_PROTOTYPES = YES;
				CLANG_WARN_SUSPICIOUS_MOVE = YES;
				CLANG_WARN_UNGUARDED_AVAILABILITY = YES_AGGRESSIVE;
				CLANG_WARN_UNREACHABLE_CODE = YES;
				CLANG_WARN__DUPLICATE_METHOD_MATCH = YES;
				COPY_PHASE_STRIP = NO;
				DEBUG_INFORMATION_FORMAT = "dwarf-with-dsym";
				ENABLE_NS_ASSERTIONS = NO;
				ENABLE_STRICT_OBJC_MSGSEND = YES;
				GCC_C_LANGUAGE_STANDARD = gnu11;
				GCC_NO_COMMON_BLOCKS = YES;
				GCC_WARN_64_TO_32_BIT_CONVERSION = YES;
				GCC_WARN_ABOUT_RETURN_TYPE = YES_ERROR;
				GCC_WARN_UNDECLARED_SELECTOR = YES;
				GCC_WARN_UNINITIALIZED_AUTOS = YES_AGGRESSIVE;
				GCC_WARN_UNUSED_FUNCTION = YES;
				GCC_WARN_UNUSED_VARIABLE = YES;
				IPHONEOS_DEPLOYMENT_TARGET = 13.4;
				MTL_ENABLE_DEBUG_INFO = NO;
				MTL_FAST_MATH = YES;
				SDKROOT = iphoneos;
				SWIFT_COMPILATION_MODE = wholemodule;
				SWIFT_OPTIMIZATION_LEVEL = "-O";
				VALIDATE_PRODUCT = YES;
			};
			name = Release;
		};
		68EB9875247D1DC300B435A7 /* Debug */ = {
			isa = XCBuildConfiguration;
			baseConfigurationReference = FDBA913EFC42020FE7C71FFA /* Pods-Buman.debug.xcconfig */;
			buildSettings = {
				ASSETCATALOG_COMPILER_APPICON_NAME = AppIcon;
				CODE_SIGN_STYLE = Automatic;
				DEVELOPMENT_ASSET_PATHS = "\"Buman/Preview Content\"";
				DEVELOPMENT_TEAM = 7C46924T49;
				ENABLE_PREVIEWS = YES;
				INFOPLIST_FILE = Buman/Info.plist;
				LD_RUNPATH_SEARCH_PATHS = (
					"$(inherited)",
					"@executable_path/Frameworks",
				);
				PRODUCT_BUNDLE_IDENTIFIER = VSA.Buman;
				PRODUCT_NAME = "$(TARGET_NAME)";
				SWIFT_VERSION = 5.0;
				TARGETED_DEVICE_FAMILY = "1,2";
			};
			name = Debug;
		};
		68EB9876247D1DC300B435A7 /* Release */ = {
			isa = XCBuildConfiguration;
			baseConfigurationReference = 289CD129AF3030B0E3A202F3 /* Pods-Buman.release.xcconfig */;
			buildSettings = {
				ASSETCATALOG_COMPILER_APPICON_NAME = AppIcon;
				CODE_SIGN_STYLE = Automatic;
				DEVELOPMENT_ASSET_PATHS = "\"Buman/Preview Content\"";
				DEVELOPMENT_TEAM = 7C46924T49;
				ENABLE_PREVIEWS = YES;
				INFOPLIST_FILE = Buman/Info.plist;
				LD_RUNPATH_SEARCH_PATHS = (
					"$(inherited)",
					"@executable_path/Frameworks",
				);
				PRODUCT_BUNDLE_IDENTIFIER = VSA.Buman;
				PRODUCT_NAME = "$(TARGET_NAME)";
				SWIFT_VERSION = 5.0;
				TARGETED_DEVICE_FAMILY = "1,2";
			};
			name = Release;
		};
/* End XCBuildConfiguration section */

/* Begin XCConfigurationList section */
		68EB985B247D1DC100B435A7 /* Build configuration list for PBXProject "Buman" */ = {
			isa = XCConfigurationList;
			buildConfigurations = (
				68EB9872247D1DC300B435A7 /* Debug */,
				68EB9873247D1DC300B435A7 /* Release */,
			);
			defaultConfigurationIsVisible = 0;
			defaultConfigurationName = Release;
		};
		68EB9874247D1DC300B435A7 /* Build configuration list for PBXNativeTarget "Buman" */ = {
			isa = XCConfigurationList;
			buildConfigurations = (
				68EB9875247D1DC300B435A7 /* Debug */,
				68EB9876247D1DC300B435A7 /* Release */,
			);
			defaultConfigurationIsVisible = 0;
			defaultConfigurationName = Release;
		};
/* End XCConfigurationList section */
	};
	rootObject = 68EB9858247D1DC100B435A7 /* Project object */;
}
